
Microsoft Visual Studio Solution File, Format Version 11.00
# Visual Studio 2010
Project("{FAE04EC0-301F-11D3-BF4B-00C04F79EFBC}") = "ObligatorioPOO12022 Quinela", "ObligatorioPOO12022 Quinela\ObligatorioPOO12022 Quinela.csproj", "{B05619E8-1526-43F2-B29E-BF7A18A5A88D}"
EndProject
Global
	GlobalSection(SolutionConfigurationPlatforms) = preSolution
		Debug|x86 = Debug|x86
		Release|x86 = Release|x86
	EndGlobalSection
	GlobalSection(ProjectConfigurationPlatforms) = postSolution
		{B05619E8-1526-43F2-B29E-BF7A18A5A88D}.Debug|x86.ActiveCfg = Debug|x86
		{B05619E8-1526-43F2-B29E-BF7A18A5A88D}.Debug|x86.Build.0 = Debug|x86
		{B05619E8-1526-43F2-B29E-BF7A18A5A88D}.Release|x86.ActiveCfg = Release|x86
		{B05619E8-1526-43F2-B29E-BF7A18A5A88D}.Release|x86.Build.0 = Release|x86
	EndGlobalSection
	GlobalSection(SolutionProperties) = preSolution
		HideSolutionNode = FALSE
	EndGlobalSection
EndGlobal
